
Microsoft Visual Studio Solution File, Format Version 11.00
# Visual Studio 2010
Project("{FAE04EC0-301F-11D3-BF4B-00C04F79EFBC}") = "SphereBlast", "Assembly-CSharp.csproj", "{EE12011F-88AE-3595-1E41-2BEB0270E280}"
EndProject
Project("{FAE04EC0-301F-11D3-BF4B-00C04F79EFBC}") = "SphereBlast", "Assembly-CSharp-Editor.csproj", "{101F7B5D-2524-63FC-7F65-8A50B12F662F}"
EndProject
Global
	GlobalSection(SolutionConfigurationPlatforms) = preSolution
		Debug|Any CPU = Debug|Any CPU
		Release|Any CPU = Release|Any CPU
	EndGlobalSection
	GlobalSection(ProjectConfigurationPlatforms) = postSolution
		{EE12011F-88AE-3595-1E41-2BEB0270E280}.Debug|Any CPU.ActiveCfg = Debug|Any CPU
		{EE12011F-88AE-3595-1E41-2BEB0270E280}.Debug|Any CPU.Build.0 = Debug|Any CPU
		{EE12011F-88AE-3595-1E41-2BEB0270E280}.Release|Any CPU.ActiveCfg = Release|Any CPU
		{EE12011F-88AE-3595-1E41-2BEB0270E280}.Release|Any CPU.Build.0 = Release|Any CPU
		{101F7B5D-2524-63FC-7F65-8A50B12F662F}.Debug|Any CPU.ActiveCfg = Debug|Any CPU
		{101F7B5D-2524-63FC-7F65-8A50B12F662F}.Debug|Any CPU.Build.0 = Debug|Any CPU
		{101F7B5D-2524-63FC-7F65-8A50B12F662F}.Release|Any CPU.ActiveCfg = Release|Any CPU
		{101F7B5D-2524-63FC-7F65-8A50B12F662F}.Release|Any CPU.Build.0 = Release|Any CPU
	EndGlobalSection
	GlobalSection(SolutionProperties) = preSolution
		HideSolutionNode = FALSE
	EndGlobalSection
	GlobalSection(MonoDevelopProperties) = preSolution
		StartupItem = Assembly-CSharp.csproj
	EndGlobalSection
EndGlobal
